// !$*UTF8*$!
{
	archiveVersion = 1;
	classes = {
	};
	objectVersion = 46;
	objects = {

/* Begin PBXBuildFile section */
		5FD45F151C69AF8F003FB6D3 /* AppDelegate.swift in Sources */ = {isa = PBXBuildFile; fileRef = 5FD45F141C69AF8F003FB6D3 /* AppDelegate.swift */; };
		5FD45F171C69AF8F003FB6D3 /* ViewController.swift in Sources */ = {isa = PBXBuildFile; fileRef = 5FD45F161C69AF8F003FB6D3 /* ViewController.swift */; };
		5FD45F1A1C69AF8F003FB6D3 /* Main.storyboard in Resources */ = {isa = PBXBuildFile; fileRef = 5FD45F181C69AF8F003FB6D3 /* Main.storyboard */; };
		5FD45F1C1C69AF8F003FB6D3 /* Assets.xcassets in Resources */ = {isa = PBXBuildFile; fileRef = 5FD45F1B1C69AF8F003FB6D3 /* Assets.xcassets */; };
		5FD45F1F1C69AF8F003FB6D3 /* LaunchScreen.storyboard in Resources */ = {isa = PBXBuildFile; fileRef = 5FD45F1D1C69AF8F003FB6D3 /* LaunchScreen.storyboard */; };
		5FD45F2A1C69AF8F003FB6D3 /* PagingMenuControllerTestTests.swift in Sources */ = {isa = PBXBuildFile; fileRef = 5FD45F291C69AF8F003FB6D3 /* PagingMenuControllerTestTests.swift */; };
		5FD45F351C69AF8F003FB6D3 /* PagingMenuControllerTestUITests.swift in Sources */ = {isa = PBXBuildFile; fileRef = 5FD45F341C69AF8F003FB6D3 /* PagingMenuControllerTestUITests.swift */; };
/* End PBXBuildFile section */

/* Begin PBXContainerItemProxy section */
		5FD45F261C69AF8F003FB6D3 /* PBXContainerItemProxy */ = {
			isa = PBXContainerItemProxy;
			containerPortal = 5FD45F091C69AF8F003FB6D3 /* Project object */;
			proxyType = 1;
			remoteGlobalIDString = 5FD45F101C69AF8F003FB6D3;
			remoteInfo = PagingMenuControllerTest;
		};
		5FD45F311C69AF8F003FB6D3 /* PBXContainerItemProxy */ = {
			isa = PBXContainerItemProxy;
			containerPortal = 5FD45F091C69AF8F003FB6D3 /* Project object */;
			proxyType = 1;
			remoteGlobalIDString = 5FD45F101C69AF8F003FB6D3;
			remoteInfo = PagingMenuControllerTest;
		};
/* End PBXContainerItemProxy section */

/* Begin PBXFileReference section */
		5FD45F111C69AF8F003FB6D3 /* PagingMenuControllerTest.app */ = {isa = PBXFileReference; explicitFileType = wrapper.application; includeInIndex = 0; path = PagingMenuControllerTest.app; sourceTree = BUILT_PRODUCTS_DIR; };
		5FD45F141C69AF8F003FB6D3 /* AppDelegate.swift */ = {isa = PBXFileReference; lastKnownFileType = sourcecode.swift; path = AppDelegate.swift; sourceTree = "<group>"; };
		5FD45F161C69AF8F003FB6D3 /* ViewController.swift */ = {isa = PBXFileReference; lastKnownFileType = sourcecode.swift; path = ViewController.swift; sourceTree = "<group>"; };
		5FD45F191C69AF8F003FB6D3 /* Base */ = {isa = PBXFileReference; lastKnownFileType = file.storyboard; name = Base; path = Base.lproj/Main.storyboard; sourceTree = "<group>"; };
		5FD45F1B1C69AF8F003FB6D3 /* Assets.xcassets */ = {isa = PBXFileReference; lastKnownFileType = folder.assetcatalog; path = Assets.xcassets; sourceTree = "<group>"; };
		5FD45F1E1C69AF8F003FB6D3 /* Base */ = {isa = PBXFileReference; lastKnownFileType = file.storyboard; name = Base; path = Base.lproj/LaunchScreen.storyboard; sourceTree = "<group>"; };
		5FD45F201C69AF8F003FB6D3 /* Info.plist */ = {isa = PBXFileReference; lastKnownFileType = text.plist.xml; path = Info.plist; sourceTree = "<group>"; };
		5FD45F251C69AF8F003FB6D3 /* PagingMenuControllerTestTests.xctest */ = {isa = PBXFileReference; explicitFileType = wrapper.cfbundle; includeInIndex = 0; path = PagingMenuControllerTestTests.xctest; sourceTree = BUILT_PRODUCTS_DIR; };
		5FD45F291C69AF8F003FB6D3 /* PagingMenuControllerTestTests.swift */ = {isa = PBXFileReference; lastKnownFileType = sourcecode.swift; path = PagingMenuControllerTestTests.swift; sourceTree = "<group>"; };
		5FD45F2B1C69AF8F003FB6D3 /* Info.plist */ = {isa = PBXFileReference; lastKnownFileType = text.plist.xml; path = Info.plist; sourceTree = "<group>"; };
		5FD45F301C69AF8F003FB6D3 /* PagingMenuControllerTestUITests.xctest */ = {isa = PBXFileReference; explicitFileType = wrapper.cfbundle; includeInIndex = 0; path = PagingMenuControllerTestUITests.xctest; sourceTree = BUILT_PRODUCTS_DIR; };
		5FD45F341C69AF8F003FB6D3 /* PagingMenuControllerTestUITests.swift */ = {isa = PBXFileReference; lastKnownFileType = sourcecode.swift; path = PagingMenuControllerTestUITests.swift; sourceTree = "<group>"; };
		5FD45F361C69AF8F003FB6D3 /* Info.plist */ = {isa = PBXFileReference; lastKnownFileType = text.plist.xml; path = Info.plist; sourceTree = "<group>"; };
/* End PBXFileReference section */

/* Begin PBXFrameworksBuildPhase section */
		5FD45F0E1C69AF8F003FB6D3 /* Frameworks */ = {
			isa = PBXFrameworksBuildPhase;
			buildActionMask = 2147483647;
			files = (
			);
			runOnlyForDeploymentPostprocessing = 0;
		};
		5FD45F221C69AF8F003FB6D3 /* Frameworks */ = {
			isa = PBXFrameworksBuildPhase;
			buildActionMask = 2147483647;
			files = (
			);
			runOnlyForDeploymentPostprocessing = 0;
		};
		5FD45F2D1C69AF8F003FB6D3 /* Frameworks */ = {
			isa = PBXFrameworksBuildPhase;
			buildActionMask = 2147483647;
			files = (
			);
			runOnlyForDeploymentPostprocessing = 0;
		};
/* End PBXFrameworksBuildPhase section */

/* Begin PBXGroup section */
		5FD45F081C69AF8F003FB6D3 = {
			isa = PBXGroup;
			children = (
				5FD45F131C69AF8F003FB6D3 /* PagingMenuControllerTest */,
				5FD45F281C69AF8F003FB6D3 /* PagingMenuControllerTestTests */,
				5FD45F331C69AF8F003FB6D3 /* PagingMenuControllerTestUITests */,
				5FD45F121C69AF8F003FB6D3 /* Products */,
			);
			sourceTree = "<group>";
		};
		5FD45F121C69AF8F003FB6D3 /* Products */ = {
			isa = PBXGroup;
			children = (
				5FD45F111C69AF8F003FB6D3 /* PagingMenuControllerTest.app */,
				5FD45F251C69AF8F003FB6D3 /* PagingMenuControllerTestTests.xctest */,
				5FD45F301C69AF8F003FB6D3 /* PagingMenuControllerTestUITests.xctest */,
			);
			name = Products;
			sourceTree = "<group>";
		};
		5FD45F131C69AF8F003FB6D3 /* PagingMenuControllerTest */ = {
			isa = PBXGroup;
			children = (
				5FD45F141C69AF8F003FB6D3 /* AppDelegate.swift */,
				5FD45F161C69AF8F003FB6D3 /* ViewController.swift */,
				5FD45F181C69AF8F003FB6D3 /* Main.storyboard */,
				5FD45F1B1C69AF8F003FB6D3 /* Assets.xcassets */,
				5FD45F1D1C69AF8F003FB6D3 /* LaunchScreen.storyboard */,
				5FD45F201C69AF8F003FB6D3 /* Info.plist */,
			);
			path = PagingMenuControllerTest;
			sourceTree = "<group>";
		};
		5FD45F281C69AF8F003FB6D3 /* PagingMenuControllerTestTests */ = {
			isa = PBXGroup;
			children = (
				5FD45F291C69AF8F003FB6D3 /* PagingMenuControllerTestTests.swift */,
				5FD45F2B1C69AF8F003FB6D3 /* Info.plist */,
			);
			path = PagingMenuControllerTestTests;
			sourceTree = "<group>";
		};
		5FD45F331C69AF8F003FB6D3 /* PagingMenuControllerTestUITests */ = {
			isa = PBXGroup;
			children = (
				5FD45F341C69AF8F003FB6D3 /* PagingMenuControllerTestUITests.swift */,
				5FD45F361C69AF8F003FB6D3 /* Info.plist */,
			);
			path = PagingMenuControllerTestUITests;
			sourceTree = "<group>";
		};
/* End PBXGroup section */

/* Begin PBXNativeTarget section */
		5FD45F101C69AF8F003FB6D3 /* PagingMenuControllerTest */ = {
			isa = PBXNativeTarget;
			buildConfigurationList = 5FD45F391C69AF8F003FB6D3 /* Build configuration list for PBXNativeTarget "PagingMenuControllerTest" */;
			buildPhases = (
				5FD45F0D1C69AF8F003FB6D3 /* Sources */,
				5FD45F0E1C69AF8F003FB6D3 /* Frameworks */,
				5FD45F0F1C69AF8F003FB6D3 /* Resources */,
			);
			buildRules = (
			);
			dependencies = (
			);
			name = PagingMenuControllerTest;
			productName = PagingMenuControllerTest;
			productReference = 5FD45F111C69AF8F003FB6D3 /* PagingMenuControllerTest.app */;
			productType = "com.apple.product-type.application";
		};
		5FD45F241C69AF8F003FB6D3 /* PagingMenuControllerTestTests */ = {
			isa = PBXNativeTarget;
			buildConfigurationList = 5FD45F3C1C69AF8F003FB6D3 /* Build configuration list for PBXNativeTarget "PagingMenuControllerTestTests" */;
			buildPhases = (
				5FD45F211C69AF8F003FB6D3 /* Sources */,
				5FD45F221C69AF8F003FB6D3 /* Frameworks */,
				5FD45F231C69AF8F003FB6D3 /* Resources */,
			);
			buildRules = (
			);
			dependencies = (
				5FD45F271C69AF8F003FB6D3 /* PBXTargetDependency */,
			);
			name = PagingMenuControllerTestTests;
			productName = PagingMenuControllerTestTests;
			productReference = 5FD45F251C69AF8F003FB6D3 /* PagingMenuControllerTestTests.xctest */;
			productType = "com.apple.product-type.bundle.unit-test";
		};
		5FD45F2F1C69AF8F003FB6D3 /* PagingMenuControllerTestUITests */ = {
			isa = PBXNativeTarget;
			buildConfigurationList = 5FD45F3F1C69AF8F003FB6D3 /* Build configuration list for PBXNativeTarget "PagingMenuControllerTestUITests" */;
			buildPhases = (
				5FD45F2C1C69AF8F003FB6D3 /* Sources */,
				5FD45F2D1C69AF8F003FB6D3 /* Frameworks */,
				5FD45F2E1C69AF8F003FB6D3 /* Resources */,
			);
			buildRules = (
			);
			dependencies = (
				5FD45F321C69AF8F003FB6D3 /* PBXTargetDependency */,
			);
			name = PagingMenuControllerTestUITests;
			productName = PagingMenuControllerTestUITests;
			productReference = 5FD45F301C69AF8F003FB6D3 /* PagingMenuControllerTestUITests.xctest */;
			productType = "com.apple.product-type.bundle.ui-testing";
		};
/* End PBXNativeTarget section */

/* Begin PBXProject section */
		5FD45F091C69AF8F003FB6D3 /* Project object */ = {
			isa = PBXProject;
			attributes = {
				LastSwiftUpdateCheck = 0720;
				LastUpgradeCheck = 0720;
				ORGANIZATIONNAME = KumagaiNaoki;
				TargetAttributes = {
					5FD45F101C69AF8F003FB6D3 = {
						CreatedOnToolsVersion = 7.2.1;
					};
					5FD45F241C69AF8F003FB6D3 = {
						CreatedOnToolsVersion = 7.2.1;
						TestTargetID = 5FD45F101C69AF8F003FB6D3;
					};
					5FD45F2F1C69AF8F003FB6D3 = {
						CreatedOnToolsVersion = 7.2.1;
						TestTargetID = 5FD45F101C69AF8F003FB6D3;
					};
				};
			};
			buildConfigurationList = 5FD45F0C1C69AF8F003FB6D3 /* Build configuration list for PBXProject "PagingMenuControllerTest" */;
			compatibilityVersion = "Xcode 3.2";
			developmentRegion = English;
			hasScannedForEncodings = 0;
			knownRegions = (
				en,
				Base,
			);
			mainGroup = 5FD45F081C69AF8F003FB6D3;
			productRefGroup = 5FD45F121C69AF8F003FB6D3 /* Products */;
			projectDirPath = "";
			projectRoot = "";
			targets = (
				5FD45F101C69AF8F003FB6D3 /* PagingMenuControllerTest */,
				5FD45F241C69AF8F003FB6D3 /* PagingMenuControllerTestTests */,
				5FD45F2F1C69AF8F003FB6D3 /* PagingMenuControllerTestUITests */,
			);
		};
/* End PBXProject section */

/* Begin PBXResourcesBuildPhase section */
		5FD45F0F1C69AF8F003FB6D3 /* Resources */ = {
			isa = PBXResourcesBuildPhase;
			buildActionMask = 2147483647;
			files = (
				5FD45F1F1C69AF8F003FB6D3 /* LaunchScreen.storyboard in Resources */,
				5FD45F1C1C69AF8F003FB6D3 /* Assets.xcassets in Resources */,
				5FD45F1A1C69AF8F003FB6D3 /* Main.storyboard in Resources */,
			);
			runOnlyForDeploymentPostprocessing = 0;
		};
		5FD45F231C69AF8F003FB6D3 /* Resources */ = {
			isa = PBXResourcesBuildPhase;
			buildActionMask = 2147483647;
			files = (
			);
			runOnlyForDeploymentPostprocessing = 0;
		};
		5FD45F2E1C69AF8F003FB6D3 /* Resources */ = {
			isa = PBXResourcesBuildPhase;
			buildActionMask = 2147483647;
			files = (
			);
			runOnlyForDeploymentPostprocessing = 0;
		};
/* End PBXResourcesBuildPhase section */

/* Begin PBXSourcesBuildPhase section */
		5FD45F0D1C69AF8F003FB6D3 /* Sources */ = {
			isa = PBXSourcesBuildPhase;
			buildActionMask = 2147483647;
			files = (
				5FD45F171C69AF8F003FB6D3 /* ViewController.swift in Sources */,
				5FD45F151C69AF8F003FB6D3 /* AppDelegate.swift in Sources */,
			);
			runOnlyForDeploymentPostprocessing = 0;
		};
		5FD45F211C69AF8F003FB6D3 /* Sources */ = {
			isa = PBXSourcesBuildPhase;
			buildActionMask = 2147483647;
			files = (
				5FD45F2A1C69AF8F003FB6D3 /* PagingMenuControllerTestTests.swift in Sources */,
			);
			runOnlyForDeploymentPostprocessing = 0;
		};
		5FD45F2C1C69AF8F003FB6D3 /* Sources */ = {
			isa = PBXSourcesBuildPhase;
			buildActionMask = 2147483647;
			files = (
				5FD45F351C69AF8F003FB6D3 /* PagingMenuControllerTestUITests.swift in Sources */,
			);
			runOnlyForDeploymentPostprocessing = 0;
		};
/* End PBXSourcesBuildPhase section */

/* Begin PBXTargetDependency section */
		5FD45F271C69AF8F003FB6D3 /* PBXTargetDependency */ = {
			isa = PBXTargetDependency;
			target = 5FD45F101C69AF8F003FB6D3 /* PagingMenuControllerTest */;
			targetProxy = 5FD45F261C69AF8F003FB6D3 /* PBXContainerItemProxy */;
		};
		5FD45F321C69AF8F003FB6D3 /* PBXTargetDependency */ = {
			isa = PBXTargetDependency;
			target = 5FD45F101C69AF8F003FB6D3 /* PagingMenuControllerTest */;
			targetProxy = 5FD45F311C69AF8F003FB6D3 /* PBXContainerItemProxy */;
		};
/* End PBXTargetDependency section */

/* Begin PBXVariantGroup section */
		5FD45F181C69AF8F003FB6D3 /* Main.storyboard */ = {
			isa = PBXVariantGroup;
			children = (
				5FD45F191C69AF8F003FB6D3 /* Base */,
			);
			name = Main.storyboard;
			sourceTree = "<group>";
		};
		5FD45F1D1C69AF8F003FB6D3 /* LaunchScreen.storyboard */ = {
			isa = PBXVariantGroup;
			children = (
				5FD45F1E1C69AF8F003FB6D3 /* Base */,
			);
			name = LaunchScreen.storyboard;
			sourceTree = "<group>";
		};
/* End PBXVariantGroup section */

/* Begin XCBuildConfiguration section */
		5FD45F371C69AF8F003FB6D3 /* Debug */ = {
			isa = XCBuildConfiguration;
			buildSettings = {
				ALWAYS_SEARCH_USER_PATHS = NO;
				CLANG_CXX_LANGUAGE_STANDARD = "gnu++0x";
				CLANG_CXX_LIBRARY = "libc++";
				CLANG_ENABLE_MODULES = YES;
				CLANG_ENABLE_OBJC_ARC = YES;
				CLANG_WARN_BOOL_CONVERSION = YES;
				CLANG_WARN_CONSTANT_CONVERSION = YES;
				CLANG_WARN_DIRECT_OBJC_ISA_USAGE = YES_ERROR;
				CLANG_WARN_EMPTY_BODY = YES;
				CLANG_WARN_ENUM_CONVERSION = YES;
				CLANG_WARN_INT_CONVERSION = YES;
				CLANG_WARN_OBJC_ROOT_CLASS = YES_ERROR;
				CLANG_WARN_UNREACHABLE_CODE = YES;
				CLANG_WARN__DUPLICATE_METHOD_MATCH = YES;
				"CODE_SIGN_IDENTITY[sdk=iphoneos*]" = "iPhone Developer";
				COPY_PHASE_STRIP = NO;
				DEBUG_INFORMATION_FORMAT = dwarf;
				ENABLE_STRICT_OBJC_MSGSEND = YES;
				ENABLE_TESTABILITY = YES;
				GCC_C_LANGUAGE_STANDARD = gnu99;
				GCC_DYNAMIC_NO_PIC = NO;
				GCC_NO_COMMON_BLOCKS = YES;
				GCC_OPTIMIZATION_LEVEL = 0;
				GCC_PREPROCESSOR_DEFINITIONS = (
					"DEBUG=1",
					"$(inherited)",
				);
				GCC_WARN_64_TO_32_BIT_CONVERSION = YES;
				GCC_WARN_ABOUT_RETURN_TYPE = YES_ERROR;
				GCC_WARN_UNDECLARED_SELECTOR = YES;
				GCC_WARN_UNINITIALIZED_AUTOS = YES_AGGRESSIVE;
				GCC_WARN_UNUSED_FUNCTION = YES;
				GCC_WARN_UNUSED_VARIABLE = YES;
				IPHONEOS_DEPLOYMENT_TARGET = 9.2;
				MTL_ENABLE_DEBUG_INFO = YES;
				ONLY_ACTIVE_ARCH = YES;
				SDKROOT = iphoneos;
				SWIFT_OPTIMIZATION_LEVEL = "-Onone";
			};
			name = Debug;
		};
		5FD45F381C69AF8F003FB6D3 /* Release */ = {
			isa = XCBuildConfiguration;
			buildSettings = {
				ALWAYS_SEARCH_USER_PATHS = NO;
				CLANG_CXX_LANGUAGE_STANDARD = "gnu++0x";
				CLANG_CXX_LIBRARY = "libc++";
				CLANG_ENABLE_MODULES = YES;
				CLANG_ENABLE_OBJC_ARC = YES;
				CLANG_WARN_BOOL_CONVERSION = YES;
				CLANG_WARN_CONSTANT_CONVERSION = YES;
				CLANG_WARN_DIRECT_OBJC_ISA_USAGE = YES_ERROR;
				CLANG_WARN_EMPTY_BODY = YES;
				CLANG_WARN_ENUM_CONVERSION = YES;
				CLANG_WARN_INT_CONVERSION = YES;
				CLANG_WARN_OBJC_ROOT_CLASS = YES_ERROR;
				CLANG_WARN_UNREACHABLE_CODE = YES;
				CLANG_WARN__DUPLICATE_METHOD_MATCH = YES;
				"CODE_SIGN_IDENTITY[sdk=iphoneos*]" = "iPhone Developer";
				COPY_PHASE_STRIP = NO;
				DEBUG_INFORMATION_FORMAT = "dwarf-with-dsym";
				ENABLE_NS_ASSERTIONS = NO;
				ENABLE_STRICT_OBJC_MSGSEND = YES;
				GCC_C_LANGUAGE_STANDARD = gnu99;
				GCC_NO_COMMON_BLOCKS = YES;
				GCC_WARN_64_TO_32_BIT_CONVERSION = YES;
				GCC_WARN_ABOUT_RETURN_TYPE = YES_ERROR;
				GCC_WARN_UNDECLARED_SELECTOR = YES;
				GCC_WARN_UNINITIALIZED_AUTOS = YES_AGGRESSIVE;
				GCC_WARN_UNUSED_FUNCTION = YES;
				GCC_WARN_UNUSED_VARIABLE = YES;
				IPHONEOS_DEPLOYMENT_TARGET = 9.2;
				MTL_ENABLE_DEBUG_INFO = NO;
				SDKROOT = iphoneos;
				VALIDATE_PRODUCT = YES;
			};
			name = Release;
		};
		5FD45F3A1C69AF8F003FB6D3 /* Debug */ = {
			isa = XCBuildConfiguration;
			buildSettings = {
				ASSETCATALOG_COMPILER_APPICON_NAME = AppIcon;
				INFOPLIST_FILE = PagingMenuControllerTest/Info.plist;
				LD_RUNPATH_SEARCH_PATHS = "$(inherited) @executable_path/Frameworks";
				PRODUCT_BUNDLE_IDENTIFIER = naoki.kumagai.PagingMenuControllerTest;
				PRODUCT_NAME = "$(TARGET_NAME)";
			};
			name = Debug;
		};
		5FD45F3B1C69AF8F003FB6D3 /* Release */ = {
			isa = XCBuildConfiguration;
			buildSettings = {
				ASSETCATALOG_COMPILER_APPICON_NAME = AppIcon;
				INFOPLIST_FILE = PagingMenuControllerTest/Info.plist;
				LD_RUNPATH_SEARCH_PATHS = "$(inherited) @executable_path/Frameworks";
				PRODUCT_BUNDLE_IDENTIFIER = naoki.kumagai.PagingMenuControllerTest;
				PRODUCT_NAME = "$(TARGET_NAME)";
			};
			name = Release;
		};
		5FD45F3D1C69AF8F003FB6D3 /* Debug */ = {
			isa = XCBuildConfiguration;
			buildSettings = {
				BUNDLE_LOADER = "$(TEST_HOST)";
				INFOPLIST_FILE = PagingMenuControllerTestTests/Info.plist;
				LD_RUNPATH_SEARCH_PATHS = "$(inherited) @executable_path/Frameworks @loader_path/Frameworks";
				PRODUCT_BUNDLE_IDENTIFIER = naoki.kumagai.PagingMenuControllerTestTests;
				PRODUCT_NAME = "$(TARGET_NAME)";
				TEST_HOST = "$(BUILT_PRODUCTS_DIR)/PagingMenuControllerTest.app/PagingMenuControllerTest";
			};
			name = Debug;
		};
		5FD45F3E1C69AF8F003FB6D3 /* Release */ = {
			isa = XCBuildConfiguration;
			buildSettings = {
				BUNDLE_LOADER = "$(TEST_HOST)";
				INFOPLIST_FILE = PagingMenuControllerTestTests/Info.plist;
				LD_RUNPATH_SEARCH_PATHS = "$(inherited) @executable_path/Frameworks @loader_path/Frameworks";
				PRODUCT_BUNDLE_IDENTIFIER = naoki.kumagai.PagingMenuControllerTestTests;
				PRODUCT_NAME = "$(TARGET_NAME)";
				TEST_HOST = "$(BUILT_PRODUCTS_DIR)/PagingMenuControllerTest.app/PagingMenuControllerTest";
			};
			name = Release;
		};
		5FD45F401C69AF8F003FB6D3 /* Debug */ = {
			isa = XCBuildConfiguration;
			buildSettings = {
				INFOPLIST_FILE = PagingMenuControllerTestUITests/Info.plist;
				LD_RUNPATH_SEARCH_PATHS = "$(inherited) @executable_path/Frameworks @loader_path/Frameworks";
				PRODUCT_BUNDLE_IDENTIFIER = naoki.kumagai.PagingMenuControllerTestUITests;
				PRODUCT_NAME = "$(TARGET_NAME)";
				TEST_TARGET_NAME = PagingMenuControllerTest;
				USES_XCTRUNNER = YES;
			};
			name = Debug;
		};
		5FD45F411C69AF8F003FB6D3 /* Release */ = {
			isa = XCBuildConfiguration;
			buildSettings = {
				INFOPLIST_FILE = PagingMenuControllerTestUITests/Info.plist;
				LD_RUNPATH_SEARCH_PATHS = "$(inherited) @executable_path/Frameworks @loader_path/Frameworks";
				PRODUCT_BUNDLE_IDENTIFIER = naoki.kumagai.PagingMenuControllerTestUITests;
				PRODUCT_NAME = "$(TARGET_NAME)";
				TEST_TARGET_NAME = PagingMenuControllerTest;
				USES_XCTRUNNER = YES;
			};
			name = Release;
		};
/* End XCBuildConfiguration section */

/* Begin XCConfigurationList section */
		5FD45F0C1C69AF8F003FB6D3 /* Build configuration list for PBXProject "PagingMenuControllerTest" */ = {
			isa = XCConfigurationList;
			buildConfigurations = (
				5FD45F371C69AF8F003FB6D3 /* Debug */,
				5FD45F381C69AF8F003FB6D3 /* Release */,
			);
			defaultConfigurationIsVisible = 0;
			defaultConfigurationName = Release;
		};
		5FD45F391C69AF8F003FB6D3 /* Build configuration list for PBXNativeTarget "PagingMenuControllerTest" */ = {
			isa = XCConfigurationList;
			buildConfigurations = (
				5FD45F3A1C69AF8F003FB6D3 /* Debug */,
				5FD45F3B1C69AF8F003FB6D3 /* Release */,
			);
			defaultConfigurationIsVisible = 0;
		};
		5FD45F3C1C69AF8F003FB6D3 /* Build configuration list for PBXNativeTarget "PagingMenuControllerTestTests" */ = {
			isa = XCConfigurationList;
			buildConfigurations = (
				5FD45F3D1C69AF8F003FB6D3 /* Debug */,
				5FD45F3E1C69AF8F003FB6D3 /* Release */,
			);
			defaultConfigurationIsVisible = 0;
		};
		5FD45F3F1C69AF8F003FB6D3 /* Build configuration list for PBXNativeTarget "PagingMenuControllerTestUITests" */ = {
			isa = XCConfigurationList;
			buildConfigurations = (
				5FD45F401C69AF8F003FB6D3 /* Debug */,
				5FD45F411C69AF8F003FB6D3 /* Release */,
			);
			defaultConfigurationIsVisible = 0;
		};
/* End XCConfigurationList section */
	};
	rootObject = 5FD45F091C69AF8F003FB6D3 /* Project object */;
}
